<Solution>
  <Configurations>
    <Platform Name="Any CPU" />
    <Platform Name="x64" />
    <Platform Name="x86" />
  </Configurations>
  <Project Path="Frank.PasswordGenerator.App/Frank.PasswordGenerator.App.csproj" />
  <Project Path="Frank.PasswordGenerator.Tests/Frank.PasswordGenerator.Tests.csproj" />
  <Project Path="Frank.PasswordGenerator/Frank.PasswordGenerator.csproj" />
</Solution>
